
Microsoft Visual Studio Solution File, Format Version 12.00
# Visual Studio Version 16
VisualStudioVersion = 16.0.30406.217
MinimumVisualStudioVersion = 10.0.40219.1
Project("{FAE04EC0-301F-11D3-BF4B-00C04F79EFBC}") = "Deliverly.Android", "Deliverly.Android\Deliverly.Android.csproj", "{4FC29D21-3807-4B32-96C2-AE94E331DAC1}"
EndProject
Project("{FAE04EC0-301F-11D3-BF4B-00C04F79EFBC}") = "Deliverly.iOS", "Deliverly.iOS\Deliverly.iOS.csproj", "{DEB6CA2C-1A19-420C-BA3B-638543F4E538}"
EndProject
Project("{FAE04EC0-301F-11D3-BF4B-00C04F79EFBC}") = "Deliverly", "Deliverly\Deliverly.csproj", "{39F1B45E-A36F-4997-8B61-10A0B6600627}"
EndProject
Global
	GlobalSection(SolutionConfigurationPlatforms) = preSolution
		Debug|Any CPU = Debug|Any CPU
		Debug|iPhone = Debug|iPhone
		Debug|iPhoneSimulator = Debug|iPhoneSimulator
		Release|Any CPU = Release|Any CPU
		Release|iPhone = Release|iPhone
		Release|iPhoneSimulator = Release|iPhoneSimulator
	EndGlobalSection
	GlobalSection(ProjectConfigurationPlatforms) = postSolution
		{4FC29D21-3807-4B32-96C2-AE94E331DAC1}.Debug|Any CPU.ActiveCfg = Debug|Any CPU
		{4FC29D21-3807-4B32-96C2-AE94E331DAC1}.Debug|Any CPU.Build.0 = Debug|Any CPU
		{4FC29D21-3807-4B32-96C2-AE94E331DAC1}.Debug|Any CPU.Deploy.0 = Debug|Any CPU
		{4FC29D21-3807-4B32-96C2-AE94E331DAC1}.Debug|iPhone.ActiveCfg = Debug|Any CPU
		{4FC29D21-3807-4B32-96C2-AE94E331DAC1}.Debug|iPhone.Build.0 = Debug|Any CPU
		{4FC29D21-3807-4B32-96C2-AE94E331DAC1}.Debug|iPhone.Deploy.0 = Debug|Any CPU
		{4FC29D21-3807-4B32-96C2-AE94E331DAC1}.Debug|iPhoneSimulator.ActiveCfg = Debug|Any CPU
		{4FC29D21-3807-4B32-96C2-AE94E331DAC1}.Debug|iPhoneSimulator.Build.0 = Debug|Any CPU
		{4FC29D21-3807-4B32-96C2-AE94E331DAC1}.Debug|iPhoneSimulator.Deploy.0 = Debug|Any CPU
		{4FC29D21-3807-4B32-96C2-AE94E331DAC1}.Release|Any CPU.ActiveCfg = Release|Any CPU
		{4FC29D21-3807-4B32-96C2-AE94E331DAC1}.Release|Any CPU.Build.0 = Release|Any CPU
		{4FC29D21-3807-4B32-96C2-AE94E331DAC1}.Release|Any CPU.Deploy.0 = Release|Any CPU
		{4FC29D21-3807-4B32-96C2-AE94E331DAC1}.Release|iPhone.ActiveCfg = Release|Any CPU
		{4FC29D21-3807-4B32-96C2-AE94E331DAC1}.Release|iPhone.Build.0 = Release|Any CPU
		{4FC29D21-3807-4B32-96C2-AE94E331DAC1}.Release|iPhone.Deploy.0 = Release|Any CPU
		{4FC29D21-3807-4B32-96C2-AE94E331DAC1}.Release|iPhoneSimulator.ActiveCfg = Release|Any CPU
		{4FC29D21-3807-4B32-96C2-AE94E331DAC1}.Release|iPhoneSimulator.Build.0 = Release|Any CPU
		{4FC29D21-3807-4B32-96C2-AE94E331DAC1}.Release|iPhoneSimulator.Deploy.0 = Release|Any CPU
		{DEB6CA2C-1A19-420C-BA3B-638543F4E538}.Debug|Any CPU.ActiveCfg = Debug|iPhone
		{DEB6CA2C-1A19-420C-BA3B-638543F4E538}.Debug|Any CPU.Build.0 = Debug|iPhone
		{DEB6CA2C-1A19-420C-BA3B-638543F4E538}.Debug|Any CPU.Deploy.0 = Debug|iPhone
		{DEB6CA2C-1A19-420C-BA3B-638543F4E538}.Debug|iPhone.ActiveCfg = Debug|iPhone
		{DEB6CA2C-1A19-420C-BA3B-638543F4E538}.Debug|iPhone.Build.0 = Debug|iPhone
		{DEB6CA2C-1A19-420C-BA3B-638543F4E538}.Debug|iPhone.Deploy.0 = Debug|iPhone
		{DEB6CA2C-1A19-420C-BA3B-638543F4E538}.Debug|iPhoneSimulator.ActiveCfg = Debug|iPhoneSimulator
		{DEB6CA2C-1A19-420C-BA3B-638543F4E538}.Debug|iPhoneSimulator.Build.0 = Debug|iPhoneSimulator
		{DEB6CA2C-1A19-420C-BA3B-638543F4E538}.Debug|iPhoneSimulator.Deploy.0 = Debug|iPhoneSimulator
		{DEB6CA2C-1A19-420C-BA3B-638543F4E538}.Release|Any CPU.ActiveCfg = Release|iPhone
		{DEB6CA2C-1A19-420C-BA3B-638543F4E538}.Release|Any CPU.Build.0 = Release|iPhone
		{DEB6CA2C-1A19-420C-BA3B-638543F4E538}.Release|Any CPU.Deploy.0 = Release|iPhone
		{DEB6CA2C-1A19-420C-BA3B-638543F4E538}.Release|iPhone.ActiveCfg = Release|iPhone
		{DEB6CA2C-1A19-420C-BA3B-638543F4E538}.Release|iPhone.Build.0 = Release|iPhone
		{DEB6CA2C-1A19-420C-BA3B-638543F4E538}.Release|iPhone.Deploy.0 = Release|iPhone
		{DEB6CA2C-1A19-420C-BA3B-638543F4E538}.Release|iPhoneSimulator.ActiveCfg = Release|iPhoneSimulator
		{DEB6CA2C-1A19-420C-BA3B-638543F4E538}.Release|iPhoneSimulator.Build.0 = Release|iPhoneSimulator
		{DEB6CA2C-1A19-420C-BA3B-638543F4E538}.Release|iPhoneSimulator.Deploy.0 = Release|iPhoneSimulator
		{39F1B45E-A36F-4997-8B61-10A0B6600627}.Debug|Any CPU.ActiveCfg = Debug|Any CPU
		{39F1B45E-A36F-4997-8B61-10A0B6600627}.Debug|Any CPU.Build.0 = Debug|Any CPU
		{39F1B45E-A36F-4997-8B61-10A0B6600627}.Debug|Any CPU.Deploy.0 = Debug|Any CPU
		{39F1B45E-A36F-4997-8B61-10A0B6600627}.Debug|iPhone.ActiveCfg = Debug|Any CPU
		{39F1B45E-A36F-4997-8B61-10A0B6600627}.Debug|iPhone.Build.0 = Debug|Any CPU
		{39F1B45E-A36F-4997-8B61-10A0B6600627}.Debug|iPhone.Deploy.0 = Debug|Any CPU
		{39F1B45E-A36F-4997-8B61-10A0B6600627}.Debug|iPhoneSimulator.ActiveCfg = Debug|Any CPU
		{39F1B45E-A36F-4997-8B61-10A0B6600627}.Debug|iPhoneSimulator.Build.0 = Debug|Any CPU
		{39F1B45E-A36F-4997-8B61-10A0B6600627}.Debug|iPhoneSimulator.Deploy.0 = Debug|Any CPU
		{39F1B45E-A36F-4997-8B61-10A0B6600627}.Release|Any CPU.ActiveCfg = Release|Any CPU
		{39F1B45E-A36F-4997-8B61-10A0B6600627}.Release|Any CPU.Build.0 = Release|Any CPU
		{39F1B45E-A36F-4997-8B61-10A0B6600627}.Release|Any CPU.Deploy.0 = Release|Any CPU
		{39F1B45E-A36F-4997-8B61-10A0B6600627}.Release|iPhone.ActiveCfg = Release|Any CPU
		{39F1B45E-A36F-4997-8B61-10A0B6600627}.Release|iPhone.Build.0 = Release|Any CPU
		{39F1B45E-A36F-4997-8B61-10A0B6600627}.Release|iPhone.Deploy.0 = Release|Any CPU
		{39F1B45E-A36F-4997-8B61-10A0B6600627}.Release|iPhoneSimulator.ActiveCfg = Release|Any CPU
		{39F1B45E-A36F-4997-8B61-10A0B6600627}.Release|iPhoneSimulator.Build.0 = Release|Any CPU
		{39F1B45E-A36F-4997-8B61-10A0B6600627}.Release|iPhoneSimulator.Deploy.0 = Release|Any CPU
	EndGlobalSection
	GlobalSection(SolutionProperties) = preSolution
		HideSolutionNode = FALSE
	EndGlobalSection
	GlobalSection(ExtensibilityGlobals) = postSolution
		SolutionGuid = {5B24999A-144D-43F7-9853-B73C69F5E527}
	EndGlobalSection
EndGlobal
